// !$*UTF8*$!
{
	archiveVersion = 1;
	classes = {
	};
	objectVersion = 50;
	objects = {

/* Begin PBXBuildFile section */
		C2C99C7626E819A60010825F /* AppDelegate.swift in Sources */ = {isa = PBXBuildFile; fileRef = C2C99C7526E819A60010825F /* AppDelegate.swift */; };
		C2C99C7826E819A60010825F /* SceneDelegate.swift in Sources */ = {isa = PBXBuildFile; fileRef = C2C99C7726E819A60010825F /* SceneDelegate.swift */; };
		C2C99C7A26E819A60010825F /* ViewController.swift in Sources */ = {isa = PBXBuildFile; fileRef = C2C99C7926E819A60010825F /* ViewController.swift */; };
		C2C99C7D26E819A60010825F /* Main.storyboard in Resources */ = {isa = PBXBuildFile; fileRef = C2C99C7B26E819A60010825F /* Main.storyboard */; };
		C2C99C7F26E819A70010825F /* Assets.xcassets in Resources */ = {isa = PBXBuildFile; fileRef = C2C99C7E26E819A70010825F /* Assets.xcassets */; };
		C2C99C8226E819A70010825F /* LaunchScreen.storyboard in Resources */ = {isa = PBXBuildFile; fileRef = C2C99C8026E819A70010825F /* LaunchScreen.storyboard */; };
		C2C99C8D26E819A80010825F /* MeliTests.swift in Sources */ = {isa = PBXBuildFile; fileRef = C2C99C8C26E819A80010825F /* MeliTests.swift */; };
		C2C99C9826E819A80010825F /* MeliUITests.swift in Sources */ = {isa = PBXBuildFile; fileRef = C2C99C9726E819A80010825F /* MeliUITests.swift */; };
/* End PBXBuildFile section */

/* Begin PBXContainerItemProxy section */
		C2C99C8926E819A80010825F /* PBXContainerItemProxy */ = {
			isa = PBXContainerItemProxy;
			containerPortal = C2C99C6A26E819A60010825F /* Project object */;
			proxyType = 1;
			remoteGlobalIDString = C2C99C7126E819A60010825F;
			remoteInfo = Meli;
		};
		C2C99C9426E819A80010825F /* PBXContainerItemProxy */ = {
			isa = PBXContainerItemProxy;
			containerPortal = C2C99C6A26E819A60010825F /* Project object */;
			proxyType = 1;
			remoteGlobalIDString = C2C99C7126E819A60010825F;
			remoteInfo = Meli;
		};
/* End PBXContainerItemProxy section */

/* Begin PBXFileReference section */
		C2C99C7226E819A60010825F /* Meli.app */ = {isa = PBXFileReference; explicitFileType = wrapper.application; includeInIndex = 0; path = Meli.app; sourceTree = BUILT_PRODUCTS_DIR; };
		C2C99C7526E819A60010825F /* AppDelegate.swift */ = {isa = PBXFileReference; lastKnownFileType = sourcecode.swift; path = AppDelegate.swift; sourceTree = "<group>"; };
		C2C99C7726E819A60010825F /* SceneDelegate.swift */ = {isa = PBXFileReference; lastKnownFileType = sourcecode.swift; path = SceneDelegate.swift; sourceTree = "<group>"; };
		C2C99C7926E819A60010825F /* ViewController.swift */ = {isa = PBXFileReference; lastKnownFileType = sourcecode.swift; path = ViewController.swift; sourceTree = "<group>"; };
		C2C99C7C26E819A60010825F /* Base */ = {isa = PBXFileReference; lastKnownFileType = file.storyboard; name = Base; path = Base.lproj/Main.storyboard; sourceTree = "<group>"; };
		C2C99C7E26E819A70010825F /* Assets.xcassets */ = {isa = PBXFileReference; lastKnownFileType = folder.assetcatalog; path = Assets.xcassets; sourceTree = "<group>"; };
		C2C99C8126E819A70010825F /* Base */ = {isa = PBXFileReference; lastKnownFileType = file.storyboard; name = Base; path = Base.lproj/LaunchScreen.storyboard; sourceTree = "<group>"; };
		C2C99C8326E819A70010825F /* Info.plist */ = {isa = PBXFileReference; lastKnownFileType = text.plist.xml; path = Info.plist; sourceTree = "<group>"; };
		C2C99C8826E819A80010825F /* MeliTests.xctest */ = {isa = PBXFileReference; explicitFileType = wrapper.cfbundle; includeInIndex = 0; path = MeliTests.xctest; sourceTree = BUILT_PRODUCTS_DIR; };
		C2C99C8C26E819A80010825F /* MeliTests.swift */ = {isa = PBXFileReference; lastKnownFileType = sourcecode.swift; path = MeliTests.swift; sourceTree = "<group>"; };
		C2C99C8E26E819A80010825F /* Info.plist */ = {isa = PBXFileReference; lastKnownFileType = text.plist.xml; path = Info.plist; sourceTree = "<group>"; };
		C2C99C9326E819A80010825F /* MeliUITests.xctest */ = {isa = PBXFileReference; explicitFileType = wrapper.cfbundle; includeInIndex = 0; path = MeliUITests.xctest; sourceTree = BUILT_PRODUCTS_DIR; };
		C2C99C9726E819A80010825F /* MeliUITests.swift */ = {isa = PBXFileReference; lastKnownFileType = sourcecode.swift; path = MeliUITests.swift; sourceTree = "<group>"; };
		C2C99C9926E819A80010825F /* Info.plist */ = {isa = PBXFileReference; lastKnownFileType = text.plist.xml; path = Info.plist; sourceTree = "<group>"; };
/* End PBXFileReference section */

/* Begin PBXFrameworksBuildPhase section */
		C2C99C6F26E819A60010825F /* Frameworks */ = {
			isa = PBXFrameworksBuildPhase;
			buildActionMask = 2147483647;
			files = (
			);
			runOnlyForDeploymentPostprocessing = 0;
		};
		C2C99C8526E819A80010825F /* Frameworks */ = {
			isa = PBXFrameworksBuildPhase;
			buildActionMask = 2147483647;
			files = (
			);
			runOnlyForDeploymentPostprocessing = 0;
		};
		C2C99C9026E819A80010825F /* Frameworks */ = {
			isa = PBXFrameworksBuildPhase;
			buildActionMask = 2147483647;
			files = (
			);
			runOnlyForDeploymentPostprocessing = 0;
		};
/* End PBXFrameworksBuildPhase section */

/* Begin PBXGroup section */
		C2C99C6926E819A60010825F = {
			isa = PBXGroup;
			children = (
				C2C99C7426E819A60010825F /* Meli */,
				C2C99C8B26E819A80010825F /* MeliTests */,
				C2C99C9626E819A80010825F /* MeliUITests */,
				C2C99C7326E819A60010825F /* Products */,
			);
			sourceTree = "<group>";
		};
		C2C99C7326E819A60010825F /* Products */ = {
			isa = PBXGroup;
			children = (
				C2C99C7226E819A60010825F /* Meli.app */,
				C2C99C8826E819A80010825F /* MeliTests.xctest */,
				C2C99C9326E819A80010825F /* MeliUITests.xctest */,
			);
			name = Products;
			sourceTree = "<group>";
		};
		C2C99C7426E819A60010825F /* Meli */ = {
			isa = PBXGroup;
			children = (
				C2C99C7526E819A60010825F /* AppDelegate.swift */,
				C2C99C7726E819A60010825F /* SceneDelegate.swift */,
				C2C99C7926E819A60010825F /* ViewController.swift */,
				C2C99C7B26E819A60010825F /* Main.storyboard */,
				C2C99C7E26E819A70010825F /* Assets.xcassets */,
				C2C99C8026E819A70010825F /* LaunchScreen.storyboard */,
				C2C99C8326E819A70010825F /* Info.plist */,
			);
			path = Meli;
			sourceTree = "<group>";
		};
		C2C99C8B26E819A80010825F /* MeliTests */ = {
			isa = PBXGroup;
			children = (
				C2C99C8C26E819A80010825F /* MeliTests.swift */,
				C2C99C8E26E819A80010825F /* Info.plist */,
			);
			path = MeliTests;
			sourceTree = "<group>";
		};
		C2C99C9626E819A80010825F /* MeliUITests */ = {
			isa = PBXGroup;
			children = (
				C2C99C9726E819A80010825F /* MeliUITests.swift */,
				C2C99C9926E819A80010825F /* Info.plist */,
			);
			path = MeliUITests;
			sourceTree = "<group>";
		};
/* End PBXGroup section */

/* Begin PBXNativeTarget section */
		C2C99C7126E819A60010825F /* Meli */ = {
			isa = PBXNativeTarget;
			buildConfigurationList = C2C99C9C26E819A80010825F /* Build configuration list for PBXNativeTarget "Meli" */;
			buildPhases = (
				C2C99C6E26E819A60010825F /* Sources */,
				C2C99C6F26E819A60010825F /* Frameworks */,
				C2C99C7026E819A60010825F /* Resources */,
			);
			buildRules = (
			);
			dependencies = (
			);
			name = Meli;
			productName = Meli;
			productReference = C2C99C7226E819A60010825F /* Meli.app */;
			productType = "com.apple.product-type.application";
		};
		C2C99C8726E819A80010825F /* MeliTests */ = {
			isa = PBXNativeTarget;
			buildConfigurationList = C2C99C9F26E819A80010825F /* Build configuration list for PBXNativeTarget "MeliTests" */;
			buildPhases = (
				C2C99C8426E819A80010825F /* Sources */,
				C2C99C8526E819A80010825F /* Frameworks */,
				C2C99C8626E819A80010825F /* Resources */,
			);
			buildRules = (
			);
			dependencies = (
				C2C99C8A26E819A80010825F /* PBXTargetDependency */,
			);
			name = MeliTests;
			productName = MeliTests;
			productReference = C2C99C8826E819A80010825F /* MeliTests.xctest */;
			productType = "com.apple.product-type.bundle.unit-test";
		};
		C2C99C9226E819A80010825F /* MeliUITests */ = {
			isa = PBXNativeTarget;
			buildConfigurationList = C2C99CA226E819A80010825F /* Build configuration list for PBXNativeTarget "MeliUITests" */;
			buildPhases = (
				C2C99C8F26E819A80010825F /* Sources */,
				C2C99C9026E819A80010825F /* Frameworks */,
				C2C99C9126E819A80010825F /* Resources */,
			);
			buildRules = (
			);
			dependencies = (
				C2C99C9526E819A80010825F /* PBXTargetDependency */,
			);
			name = MeliUITests;
			productName = MeliUITests;
			productReference = C2C99C9326E819A80010825F /* MeliUITests.xctest */;
			productType = "com.apple.product-type.bundle.ui-testing";
		};
/* End PBXNativeTarget section */

/* Begin PBXProject section */
		C2C99C6A26E819A60010825F /* Project object */ = {
			isa = PBXProject;
			attributes = {
				LastSwiftUpdateCheck = 1230;
				LastUpgradeCheck = 1230;
				TargetAttributes = {
					C2C99C7126E819A60010825F = {
						CreatedOnToolsVersion = 12.3;
					};
					C2C99C8726E819A80010825F = {
						CreatedOnToolsVersion = 12.3;
						TestTargetID = C2C99C7126E819A60010825F;
					};
					C2C99C9226E819A80010825F = {
						CreatedOnToolsVersion = 12.3;
						TestTargetID = C2C99C7126E819A60010825F;
					};
				};
			};
			buildConfigurationList = C2C99C6D26E819A60010825F /* Build configuration list for PBXProject "Meli" */;
			compatibilityVersion = "Xcode 9.3";
			developmentRegion = en;
			hasScannedForEncodings = 0;
			knownRegions = (
				en,
				Base,
			);
			mainGroup = C2C99C6926E819A60010825F;
			productRefGroup = C2C99C7326E819A60010825F /* Products */;
			projectDirPath = "";
			projectRoot = "";
			targets = (
				C2C99C7126E819A60010825F /* Meli */,
				C2C99C8726E819A80010825F /* MeliTests */,
				C2C99C9226E819A80010825F /* MeliUITests */,
			);
		};
/* End PBXProject section */

/* Begin PBXResourcesBuildPhase section */
		C2C99C7026E819A60010825F /* Resources */ = {
			isa = PBXResourcesBuildPhase;
			buildActionMask = 2147483647;
			files = (
				C2C99C8226E819A70010825F /* LaunchScreen.storyboard in Resources */,
				C2C99C7F26E819A70010825F /* Assets.xcassets in Resources */,
				C2C99C7D26E819A60010825F /* Main.storyboard in Resources */,
			);
			runOnlyForDeploymentPostprocessing = 0;
		};
		C2C99C8626E819A80010825F /* Resources */ = {
			isa = PBXResourcesBuildPhase;
			buildActionMask = 2147483647;
			files = (
			);
			runOnlyForDeploymentPostprocessing = 0;
		};
		C2C99C9126E819A80010825F /* Resources */ = {
			isa = PBXResourcesBuildPhase;
			buildActionMask = 2147483647;
			files = (
			);
			runOnlyForDeploymentPostprocessing = 0;
		};
/* End PBXResourcesBuildPhase section */

/* Begin PBXSourcesBuildPhase section */
		C2C99C6E26E819A60010825F /* Sources */ = {
			isa = PBXSourcesBuildPhase;
			buildActionMask = 2147483647;
			files = (
				C2C99C7A26E819A60010825F /* ViewController.swift in Sources */,
				C2C99C7626E819A60010825F /* AppDelegate.swift in Sources */,
				C2C99C7826E819A60010825F /* SceneDelegate.swift in Sources */,
			);
			runOnlyForDeploymentPostprocessing = 0;
		};
		C2C99C8426E819A80010825F /* Sources */ = {
			isa = PBXSourcesBuildPhase;
			buildActionMask = 2147483647;
			files = (
				C2C99C8D26E819A80010825F /* MeliTests.swift in Sources */,
			);
			runOnlyForDeploymentPostprocessing = 0;
		};
		C2C99C8F26E819A80010825F /* Sources */ = {
			isa = PBXSourcesBuildPhase;
			buildActionMask = 2147483647;
			files = (
				C2C99C9826E819A80010825F /* MeliUITests.swift in Sources */,
			);
			runOnlyForDeploymentPostprocessing = 0;
		};
/* End PBXSourcesBuildPhase section */

/* Begin PBXTargetDependency section */
		C2C99C8A26E819A80010825F /* PBXTargetDependency */ = {
			isa = PBXTargetDependency;
			target = C2C99C7126E819A60010825F /* Meli */;
			targetProxy = C2C99C8926E819A80010825F /* PBXContainerItemProxy */;
		};
		C2C99C9526E819A80010825F /* PBXTargetDependency */ = {
			isa = PBXTargetDependency;
			target = C2C99C7126E819A60010825F /* Meli */;
			targetProxy = C2C99C9426E819A80010825F /* PBXContainerItemProxy */;
		};
/* End PBXTargetDependency section */

/* Begin PBXVariantGroup section */
		C2C99C7B26E819A60010825F /* Main.storyboard */ = {
			isa = PBXVariantGroup;
			children = (
				C2C99C7C26E819A60010825F /* Base */,
			);
			name = Main.storyboard;
			sourceTree = "<group>";
		};
		C2C99C8026E819A70010825F /* LaunchScreen.storyboard */ = {
			isa = PBXVariantGroup;
			children = (
				C2C99C8126E819A70010825F /* Base */,
			);
			name = LaunchScreen.storyboard;
			sourceTree = "<group>";
		};
/* End PBXVariantGroup section */

/* Begin XCBuildConfiguration section */
		C2C99C9A26E819A80010825F /* Debug */ = {
			isa = XCBuildConfiguration;
			buildSettings = {
				ALWAYS_SEARCH_USER_PATHS = NO;
				CLANG_ANALYZER_NONNULL = YES;
				CLANG_ANALYZER_NUMBER_OBJECT_CONVERSION = YES_AGGRESSIVE;
				CLANG_CXX_LANGUAGE_STANDARD = "gnu++14";
				CLANG_CXX_LIBRARY = "libc++";
				CLANG_ENABLE_MODULES = YES;
				CLANG_ENABLE_OBJC_ARC = YES;
				CLANG_ENABLE_OBJC_WEAK = YES;
				CLANG_WARN_BLOCK_CAPTURE_AUTORELEASING = YES;
				CLANG_WARN_BOOL_CONVERSION = YES;
				CLANG_WARN_COMMA = YES;
				CLANG_WARN_CONSTANT_CONVERSION = YES;
				CLANG_WARN_DEPRECATED_OBJC_IMPLEMENTATIONS = YES;
				CLANG_WARN_DIRECT_OBJC_ISA_USAGE = YES_ERROR;
				CLANG_WARN_DOCUMENTATION_COMMENTS = YES;
				CLANG_WARN_EMPTY_BODY = YES;
				CLANG_WARN_ENUM_CONVERSION = YES;
				CLANG_WARN_INFINITE_RECURSION = YES;
				CLANG_WARN_INT_CONVERSION = YES;
				CLANG_WARN_NON_LITERAL_NULL_CONVERSION = YES;
				CLANG_WARN_OBJC_IMPLICIT_RETAIN_SELF = YES;
				CLANG_WARN_OBJC_LITERAL_CONVERSION = YES;
				CLANG_WARN_OBJC_ROOT_CLASS = YES_ERROR;
				CLANG_WARN_QUOTED_INCLUDE_IN_FRAMEWORK_HEADER = YES;
				CLANG_WARN_RANGE_LOOP_ANALYSIS = YES;
				CLANG_WARN_STRICT_PROTOTYPES = YES;
				CLANG_WARN_SUSPICIOUS_MOVE = YES;
				CLANG_WARN_UNGUARDED_AVAILABILITY = YES_AGGRESSIVE;
				CLANG_WARN_UNREACHABLE_CODE = YES;
				CLANG_WARN__DUPLICATE_METHOD_MATCH = YES;
				COPY_PHASE_STRIP = NO;
				DEBUG_INFORMATION_FORMAT = dwarf;
				ENABLE_STRICT_OBJC_MSGSEND = YES;
				ENABLE_TESTABILITY = YES;
				GCC_C_LANGUAGE_STANDARD = gnu11;
				GCC_DYNAMIC_NO_PIC = NO;
				GCC_NO_COMMON_BLOCKS = YES;
				GCC_OPTIMIZATION_LEVEL = 0;
				GCC_PREPROCESSOR_DEFINITIONS = (
					"DEBUG=1",
					"$(inherited)",
				);
				GCC_WARN_64_TO_32_BIT_CONVERSION = YES;
				GCC_WARN_ABOUT_RETURN_TYPE = YES_ERROR;
				GCC_WARN_UNDECLARED_SELECTOR = YES;
				GCC_WARN_UNINITIALIZED_AUTOS = YES_AGGRESSIVE;
				GCC_WARN_UNUSED_FUNCTION = YES;
				GCC_WARN_UNUSED_VARIABLE = YES;
				IPHONEOS_DEPLOYMENT_TARGET = 14.3;
				MTL_ENABLE_DEBUG_INFO = INCLUDE_SOURCE;
				MTL_FAST_MATH = YES;
				ONLY_ACTIVE_ARCH = YES;
				SDKROOT = iphoneos;
				SWIFT_ACTIVE_COMPILATION_CONDITIONS = DEBUG;
				SWIFT_OPTIMIZATION_LEVEL = "-Onone";
			};
			name = Debug;
		};
		C2C99C9B26E819A80010825F /* Release */ = {
			isa = XCBuildConfiguration;
			buildSettings = {
				ALWAYS_SEARCH_USER_PATHS = NO;
				CLANG_ANALYZER_NONNULL = YES;
				CLANG_ANALYZER_NUMBER_OBJECT_CONVERSION = YES_AGGRESSIVE;
				CLANG_CXX_LANGUAGE_STANDARD = "gnu++14";
				CLANG_CXX_LIBRARY = "libc++";
				CLANG_ENABLE_MODULES = YES;
				CLANG_ENABLE_OBJC_ARC = YES;
				CLANG_ENABLE_OBJC_WEAK = YES;
				CLANG_WARN_BLOCK_CAPTURE_AUTORELEASING = YES;
				CLANG_WARN_BOOL_CONVERSION = YES;
				CLANG_WARN_COMMA = YES;
				CLANG_WARN_CONSTANT_CONVERSION = YES;
				CLANG_WARN_DEPRECATED_OBJC_IMPLEMENTATIONS = YES;
				CLANG_WARN_DIRECT_OBJC_ISA_USAGE = YES_ERROR;
				CLANG_WARN_DOCUMENTATION_COMMENTS = YES;
				CLANG_WARN_EMPTY_BODY = YES;
				CLANG_WARN_ENUM_CONVERSION = YES;
				CLANG_WARN_INFINITE_RECURSION = YES;
				CLANG_WARN_INT_CONVERSION = YES;
				CLANG_WARN_NON_LITERAL_NULL_CONVERSION = YES;
				CLANG_WARN_OBJC_IMPLICIT_RETAIN_SELF = YES;
				CLANG_WARN_OBJC_LITERAL_CONVERSION = YES;
				CLANG_WARN_OBJC_ROOT_CLASS = YES_ERROR;
				CLANG_WARN_QUOTED_INCLUDE_IN_FRAMEWORK_HEADER = YES;
				CLANG_WARN_RANGE_LOOP_ANALYSIS = YES;
				CLANG_WARN_STRICT_PROTOTYPES = YES;
				CLANG_WARN_SUSPICIOUS_MOVE = YES;
				CLANG_WARN_UNGUARDED_AVAILABILITY = YES_AGGRESSIVE;
				CLANG_WARN_UNREACHABLE_CODE = YES;
				CLANG_WARN__DUPLICATE_METHOD_MATCH = YES;
				COPY_PHASE_STRIP = NO;
				DEBUG_INFORMATION_FORMAT = "dwarf-with-dsym";
				ENABLE_NS_ASSERTIONS = NO;
				ENABLE_STRICT_OBJC_MSGSEND = YES;
				GCC_C_LANGUAGE_STANDARD = gnu11;
				GCC_NO_COMMON_BLOCKS = YES;
				GCC_WARN_64_TO_32_BIT_CONVERSION = YES;
				GCC_WARN_ABOUT_RETURN_TYPE = YES_ERROR;
				GCC_WARN_UNDECLARED_SELECTOR = YES;
				GCC_WARN_UNINITIALIZED_AUTOS = YES_AGGRESSIVE;
				GCC_WARN_UNUSED_FUNCTION = YES;
				GCC_WARN_UNUSED_VARIABLE = YES;
				IPHONEOS_DEPLOYMENT_TARGET = 14.3;
				MTL_ENABLE_DEBUG_INFO = NO;
				MTL_FAST_MATH = YES;
				SDKROOT = iphoneos;
				SWIFT_COMPILATION_MODE = wholemodule;
				SWIFT_OPTIMIZATION_LEVEL = "-O";
				VALIDATE_PRODUCT = YES;
			};
			name = Release;
		};
		C2C99C9D26E819A80010825F /* Debug */ = {
			isa = XCBuildConfiguration;
			buildSettings = {
				ASSETCATALOG_COMPILER_APPICON_NAME = AppIcon;
				ASSETCATALOG_COMPILER_GLOBAL_ACCENT_COLOR_NAME = AccentColor;
				CODE_SIGN_STYLE = Automatic;
				DEVELOPMENT_TEAM = M7T4M64GR6;
				INFOPLIST_FILE = Meli/Info.plist;
				LD_RUNPATH_SEARCH_PATHS = (
					"$(inherited)",
					"@executable_path/Frameworks",
				);
				PRODUCT_BUNDLE_IDENTIFIER = com.test.Meli;
				PRODUCT_NAME = "$(TARGET_NAME)";
				SWIFT_VERSION = 5.0;
				TARGETED_DEVICE_FAMILY = "1,2";
			};
			name = Debug;
		};
		C2C99C9E26E819A80010825F /* Release */ = {
			isa = XCBuildConfiguration;
			buildSettings = {
				ASSETCATALOG_COMPILER_APPICON_NAME = AppIcon;
				ASSETCATALOG_COMPILER_GLOBAL_ACCENT_COLOR_NAME = AccentColor;
				CODE_SIGN_STYLE = Automatic;
				DEVELOPMENT_TEAM = M7T4M64GR6;
				INFOPLIST_FILE = Meli/Info.plist;
				LD_RUNPATH_SEARCH_PATHS = (
					"$(inherited)",
					"@executable_path/Frameworks",
				);
				PRODUCT_BUNDLE_IDENTIFIER = com.test.Meli;
				PRODUCT_NAME = "$(TARGET_NAME)";
				SWIFT_VERSION = 5.0;
				TARGETED_DEVICE_FAMILY = "1,2";
			};
			name = Release;
		};
		C2C99CA026E819A80010825F /* Debug */ = {
			isa = XCBuildConfiguration;
			buildSettings = {
				ALWAYS_EMBED_SWIFT_STANDARD_LIBRARIES = YES;
				BUNDLE_LOADER = "$(TEST_HOST)";
				CODE_SIGN_STYLE = Automatic;
				DEVELOPMENT_TEAM = M7T4M64GR6;
				INFOPLIST_FILE = MeliTests/Info.plist;
				IPHONEOS_DEPLOYMENT_TARGET = 14.3;
				LD_RUNPATH_SEARCH_PATHS = (
					"$(inherited)",
					"@executable_path/Frameworks",
					"@loader_path/Frameworks",
				);
				PRODUCT_BUNDLE_IDENTIFIER = com.test.MeliTests;
				PRODUCT_NAME = "$(TARGET_NAME)";
				SWIFT_VERSION = 5.0;
				TARGETED_DEVICE_FAMILY = "1,2";
				TEST_HOST = "$(BUILT_PRODUCTS_DIR)/Meli.app/Meli";
			};
			name = Debug;
		};
		C2C99CA126E819A80010825F /* Release */ = {
			isa = XCBuildConfiguration;
			buildSettings = {
				ALWAYS_EMBED_SWIFT_STANDARD_LIBRARIES = YES;
				BUNDLE_LOADER = "$(TEST_HOST)";
				CODE_SIGN_STYLE = Automatic;
				DEVELOPMENT_TEAM = M7T4M64GR6;
				INFOPLIST_FILE = MeliTests/Info.plist;
				IPHONEOS_DEPLOYMENT_TARGET = 14.3;
				LD_RUNPATH_SEARCH_PATHS = (
					"$(inherited)",
					"@executable_path/Frameworks",
					"@loader_path/Frameworks",
				);
				PRODUCT_BUNDLE_IDENTIFIER = com.test.MeliTests;
				PRODUCT_NAME = "$(TARGET_NAME)";
				SWIFT_VERSION = 5.0;
				TARGETED_DEVICE_FAMILY = "1,2";
				TEST_HOST = "$(BUILT_PRODUCTS_DIR)/Meli.app/Meli";
			};
			name = Release;
		};
		C2C99CA326E819A80010825F /* Debug */ = {
			isa = XCBuildConfiguration;
			buildSettings = {
				ALWAYS_EMBED_SWIFT_STANDARD_LIBRARIES = YES;
				CODE_SIGN_STYLE = Automatic;
				DEVELOPMENT_TEAM = M7T4M64GR6;
				INFOPLIST_FILE = MeliUITests/Info.plist;
				LD_RUNPATH_SEARCH_PATHS = (
					"$(inherited)",
					"@executable_path/Frameworks",
					"@loader_path/Frameworks",
				);
				PRODUCT_BUNDLE_IDENTIFIER = com.test.MeliUITests;
				PRODUCT_NAME = "$(TARGET_NAME)";
				SWIFT_VERSION = 5.0;
				TARGETED_DEVICE_FAMILY = "1,2";
				TEST_TARGET_NAME = Meli;
			};
			name = Debug;
		};
		C2C99CA426E819A80010825F /* Release */ = {
			isa = XCBuildConfiguration;
			buildSettings = {
				ALWAYS_EMBED_SWIFT_STANDARD_LIBRARIES = YES;
				CODE_SIGN_STYLE = Automatic;
				DEVELOPMENT_TEAM = M7T4M64GR6;
				INFOPLIST_FILE = MeliUITests/Info.plist;
				LD_RUNPATH_SEARCH_PATHS = (
					"$(inherited)",
					"@executable_path/Frameworks",
					"@loader_path/Frameworks",
				);
				PRODUCT_BUNDLE_IDENTIFIER = com.test.MeliUITests;
				PRODUCT_NAME = "$(TARGET_NAME)";
				SWIFT_VERSION = 5.0;
				TARGETED_DEVICE_FAMILY = "1,2";
				TEST_TARGET_NAME = Meli;
			};
			name = Release;
		};
/* End XCBuildConfiguration section */

/* Begin XCConfigurationList section */
		C2C99C6D26E819A60010825F /* Build configuration list for PBXProject "Meli" */ = {
			isa = XCConfigurationList;
			buildConfigurations = (
				C2C99C9A26E819A80010825F /* Debug */,
				C2C99C9B26E819A80010825F /* Release */,
			);
			defaultConfigurationIsVisible = 0;
			defaultConfigurationName = Release;
		};
		C2C99C9C26E819A80010825F /* Build configuration list for PBXNativeTarget "Meli" */ = {
			isa = XCConfigurationList;
			buildConfigurations = (
				C2C99C9D26E819A80010825F /* Debug */,
				C2C99C9E26E819A80010825F /* Release */,
			);
			defaultConfigurationIsVisible = 0;
			defaultConfigurationName = Release;
		};
		C2C99C9F26E819A80010825F /* Build configuration list for PBXNativeTarget "MeliTests" */ = {
			isa = XCConfigurationList;
			buildConfigurations = (
				C2C99CA026E819A80010825F /* Debug */,
				C2C99CA126E819A80010825F /* Release */,
			);
			defaultConfigurationIsVisible = 0;
			defaultConfigurationName = Release;
		};
		C2C99CA226E819A80010825F /* Build configuration list for PBXNativeTarget "MeliUITests" */ = {
			isa = XCConfigurationList;
			buildConfigurations = (
				C2C99CA326E819A80010825F /* Debug */,
				C2C99CA426E819A80010825F /* Release */,
			);
			defaultConfigurationIsVisible = 0;
			defaultConfigurationName = Release;
		};
/* End XCConfigurationList section */
	};
	rootObject = C2C99C6A26E819A60010825F /* Project object */;
}
